{
  "name": "anti-inflammatory",
  "version": "1.0.0",
  "lockfileVersion": 3,
  "requires": true,
  "packages": {
    "": {
      "name": "anti-inflammatory",
      "version": "1.0.0",
      "license": "ISC",
      "dependencies": {
        "umbrellajs": "^3.3.3"
      }
    },
    "node_modules/umbrellajs": {
      "version": "3.3.3",
      "resolved": "https://registry.npmjs.org/umbrellajs/-/umbrellajs-3.3.3.tgz",
      "integrity": "sha512-VrKXEENk705mAVW5N3kxk73iuKeQifuacdmCDfOR6MZdf/AP3H/NQ46HqH32RRCAF7WfVv6t5ziFrvXA1nbHiw==",
      "funding": {
        "url": "https://www.paypal.me/franciscopresencia/19"
      }
    }
  }
}
